{
  "lockfileVersion": 1,
  "configVersion": 1,
  "workspaces": {
    "": {
      "name": "connexions",
      "dependencies": {
        "dexie": "^4.3.0",
        "dexie-cloud-addon": "^4.3.9",
        "lit": "^3.3.2",
      },
      "devDependencies": {
        "typescript": "~5.9.3",
      },
    },
  },
  "packages": {
    "@lit-labs/ssr-dom-shim": ["@lit-labs/ssr-dom-shim@1.5.1", "", {}, "sha512-Aou5UdlSpr5whQe8AA/bZG0jMj96CoJIWbGfZ91qieWu5AWUMKw8VR/pAkQkJYvBNhmCcWnZlyyk5oze8JIqYA=="],

    "@lit/reactive-element": ["@lit/reactive-element@2.1.2", "", { "dependencies": { "@lit-labs/ssr-dom-shim": "^1.5.0" } }, "sha512-pbCDiVMnne1lYUIaYNN5wrwQXDtHaYtg7YEFPeW+hws6U47WeFvISGUWekPGKWOP1ygrs0ef0o1VJMk1exos5A=="],

    "@types/trusted-types": ["@types/trusted-types@2.0.7", "", {}, "sha512-ScaPdn1dQczgbl0QFTeTOmVHFULt394XJgOQNoyVhZ6r2vLnMLJfBPd53SB52T/3G36VI1/g2MZaX0cwDuXsfw=="],

    "dexie": ["dexie@4.3.0", "", {}, "sha512-5EeoQpJvMKHe6zWt/FSIIuRa3CWlZeIl6zKXt+Lz7BU6RoRRLgX9dZEynRfXrkLcldKYCBiz7xekTEylnie1Ug=="],

    "dexie-cloud-addon": ["dexie-cloud-addon@4.3.9", "", { "dependencies": { "dexie-cloud-common": "^1.0.57", "rxjs": "^7.x", "y-dexie": "^4.2.2", "y-protocols": "^1.0.6", "yjs": "^13.6.27" }, "peerDependencies": { "dexie": "^4.3.0" } }, "sha512-172JUI+wy+Ia5zn1csODSpVSrGCye1bgqyorb07NmGNZoZ2db/Y2LL7oAPM/k/+gnzMd6PJHtNL9uLD5yf9QIA=="],

    "dexie-cloud-common": ["dexie-cloud-common@1.0.57", "", { "dependencies": { "lib0": "^0.2.114" } }, "sha512-zNvDYYeyG6uIHe6eQBDldQFys8YP4UPH8B0S2xth+VZflyjCP87KlJCZsGydDEq7MHbnM4xGuyqfPvyA0tgULQ=="],

    "isomorphic.js": ["isomorphic.js@0.2.5", "", {}, "sha512-PIeMbHqMt4DnUP3MA/Flc0HElYjMXArsw1qwJZcm9sqR8mq3l8NYizFMty0pWwE/tzIGH3EKK5+jes5mAr85yw=="],

    "lib0": ["lib0@0.2.117", "", { "dependencies": { "isomorphic.js": "^0.2.4" }, "bin": { "0serve": "bin/0serve.js", "0gentesthtml": "bin/gentesthtml.js", "0ecdsa-generate-keypair": "bin/0ecdsa-generate-keypair.js" } }, "sha512-DeXj9X5xDCjgKLU/7RR+/HQEVzuuEUiwldwOGsHK/sfAfELGWEyTcf0x+uOvCvK3O2zPmZePXWL85vtia6GyZw=="],

    "lit": ["lit@3.3.2", "", { "dependencies": { "@lit/reactive-element": "^2.1.0", "lit-element": "^4.2.0", "lit-html": "^3.3.0" } }, "sha512-NF9zbsP79l4ao2SNrH3NkfmFgN/hBYSQo90saIVI1o5GpjAdCPVstVzO1MrLOakHoEhYkrtRjPK6Ob521aoYWQ=="],

    "lit-element": ["lit-element@4.2.2", "", { "dependencies": { "@lit-labs/ssr-dom-shim": "^1.5.0", "@lit/reactive-element": "^2.1.0", "lit-html": "^3.3.0" } }, "sha512-aFKhNToWxoyhkNDmWZwEva2SlQia+jfG0fjIWV//YeTaWrVnOxD89dPKfigCUspXFmjzOEUQpOkejH5Ly6sG0w=="],

    "lit-html": ["lit-html@3.3.2", "", { "dependencies": { "@types/trusted-types": "^2.0.2" } }, "sha512-Qy9hU88zcmaxBXcc10ZpdK7cOLXvXpRoBxERdtqV9QOrfpMZZ6pSYP91LhpPtap3sFMUiL7Tw2RImbe0Al2/kw=="],

    "rxjs": ["rxjs@7.8.2", "", { "dependencies": { "tslib": "^2.1.0" } }, "sha512-dhKf903U/PQZY6boNNtAGdWbG85WAbjT/1xYoZIC7FAY0yWapOBQVsVrDl58W86//e1VpMNBtRV4MaXfdMySFA=="],

    "tslib": ["tslib@2.8.1", "", {}, "sha512-oJFu94HQb+KVduSUQL7wnpmqnfmLsOA/nAh6b6EH0wCEoK0/mPeXU6c3wKDV83MkOuHPRHtSXKKU99IBazS/2w=="],

    "typescript": ["typescript@5.9.3", "", { "bin": { "tsc": "bin/tsc", "tsserver": "bin/tsserver" } }, "sha512-jl1vZzPDinLr9eUt3J/t7V6FgNEw9QjvBPdysz9KfQDD41fQrC2Y4vKQdiaUpFT4bXlb1RHhLpp8wtm6M5TgSw=="],

    "y-dexie": ["y-dexie@4.2.2", "", { "peerDependencies": { "dexie": ">=4.2.0-alpha.1 <5.0.0", "yjs": "^13.6.27" } }, "sha512-nbUbIc8iL3Fpyyu13HkzU0djU4dUxI/SyySvTKQYd6wfSaodoiVKbf5ZqW7RAlXHg5nrtVLhjR7E7RZohrZ7lg=="],

    "y-protocols": ["y-protocols@1.0.7", "", { "dependencies": { "lib0": "^0.2.85" }, "peerDependencies": { "yjs": "^13.0.0" } }, "sha512-YSVsLoXxO67J6eE/nV4AtFtT3QEotZf5sK5BHxFBXso7VDUT3Tx07IfA6hsu5Q5OmBdMkQVmFZ9QOA7fikWvnw=="],

    "yjs": ["yjs@13.6.30", "", { "dependencies": { "lib0": "^0.2.99" } }, "sha512-vv/9h42eCMC81ZHDFswuu/MKzkl/vyq1BhaNGfHyOonwlG4CJbQF4oiBBJPvfdeCt/PlVDWh7Nov9D34YY09uQ=="],
  }
}
