{
  "lockfileVersion": 1,
  "workspaces": {
    "": {
      "dependencies": {
        "@ungap/compression-stream": "github:ungap/compression-stream",
        "dexie": "latest",
        "dexie-export-import": "latest",
        "hono": "latest",
      },
      "devDependencies": {
        "@biomejs/biome": "2.0.0-beta.5",
        "@hono/vite-build": "latest",
        "@hono/vite-dev-server": "latest",
        "@types/bun": "latest",
        "@types/downloadjs": "latest",
        "@typescript/native-preview": "latest",
        "vite": "npm:rolldown-vite@latest",
      },
      "peerDependencies": {
        "typescript": "latest",
      },
    },
  },
  "packages": {
    "@biomejs/biome": ["@biomejs/biome@2.0.0-beta.5", "", { "optionalDependencies": { "@biomejs/cli-darwin-arm64": "2.0.0-beta.5", "@biomejs/cli-darwin-x64": "2.0.0-beta.5", "@biomejs/cli-linux-arm64": "2.0.0-beta.5", "@biomejs/cli-linux-arm64-musl": "2.0.0-beta.5", "@biomejs/cli-linux-x64": "2.0.0-beta.5", "@biomejs/cli-linux-x64-musl": "2.0.0-beta.5", "@biomejs/cli-win32-arm64": "2.0.0-beta.5", "@biomejs/cli-win32-x64": "2.0.0-beta.5" }, "bin": { "biome": "bin/biome" } }, "sha512-1ldO4AepieVvg4aLi1ubZkA7NsefQT2UTNssbJbDiQTGem8kCHx/PZCwLxIR6UzFpGIjh0xsDzivyVvhnmqmuA=="],

    "@biomejs/cli-darwin-arm64": ["@biomejs/cli-darwin-arm64@2.0.0-beta.5", "", { "os": "darwin", "cpu": "arm64" }, "sha512-pnJiaoDpwGo+ctGkMu4POcO8jgOgCErBdYbhutr+K9rxxJS+TlHLr0LR91GCEWbGV2O1oyZRFQcW21rYFoak4w=="],

    "@biomejs/cli-darwin-x64": ["@biomejs/cli-darwin-x64@2.0.0-beta.5", "", { "os": "darwin", "cpu": "x64" }, "sha512-WwEZpqcmsNoFpZkUFNQcbZo52WK4hLGQ0vZk3PQ8JlZ55gJsHiyhtv6aem6fVlyVCvZgpsC0sYPLE3VvFVKNAQ=="],

    "@biomejs/cli-linux-arm64": ["@biomejs/cli-linux-arm64@2.0.0-beta.5", "", { "os": "linux", "cpu": "arm64" }, "sha512-lAF1de+Ki0vnq14NwDXouKkAR/iviyMNrUngSHjTGFC4z8XGVEfIw0ZMSm7fAdJZ5fAWodt9HiYmEAVs5EtHQg=="],

    "@biomejs/cli-linux-arm64-musl": ["@biomejs/cli-linux-arm64-musl@2.0.0-beta.5", "", { "os": "linux", "cpu": "arm64" }, "sha512-4vxNkYx1uEt211W8hLdXddc7icRHQgYENb72g6uTd/tLVPSBvIwqUAxAOkU+9Ai1E/8R4sWy7HIxREgpuFgbNA=="],

    "@biomejs/cli-linux-x64": ["@biomejs/cli-linux-x64@2.0.0-beta.5", "", { "os": "linux", "cpu": "x64" }, "sha512-I0Pt1VHeL1mN8G7ZwV2u9AfzBd5ZKfbvHUI4x2wETUZbwcQlAu/nEzEa2LUe5HqSmnctTR36ig7RkkM9qbmIrA=="],

    "@biomejs/cli-linux-x64-musl": ["@biomejs/cli-linux-x64-musl@2.0.0-beta.5", "", { "os": "linux", "cpu": "x64" }, "sha512-nUeKGO517GtRCxziVD9les1HiCs2s2/WIVITMN9+9RRuLOko8r+T77E8ZXEmlfLOfOIOeE6z62WITqei3oNccA=="],

    "@biomejs/cli-win32-arm64": ["@biomejs/cli-win32-arm64@2.0.0-beta.5", "", { "os": "win32", "cpu": "arm64" }, "sha512-YXW6hgbrgBcWQ1SLO69ypWlluPchgQV5C1lTG4xOcBUWdCsfYuQirM64S6Dov7SFPqsMIoFC6LlQRW+n8qAyiA=="],

    "@biomejs/cli-win32-x64": ["@biomejs/cli-win32-x64@2.0.0-beta.5", "", { "os": "win32", "cpu": "x64" }, "sha512-N7Yby52BJmvEdst1iMbclE5hxxefboaXKRJLm1tLfBYr4FeuoCe6j8HdiQSwhCRdIUGFFqBLaDXh//LLF6EReA=="],

    "@emnapi/core": ["@emnapi/core@1.4.3", "", { "dependencies": { "@emnapi/wasi-threads": "1.0.2", "tslib": "^2.4.0" } }, "sha512-4m62DuCE07lw01soJwPiBGC0nAww0Q+RY70VZ+n49yDIO13yyinhbWCeNnaob0lakDtWQzSdtNWzJeOJt2ma+g=="],

    "@emnapi/runtime": ["@emnapi/runtime@1.4.3", "", { "dependencies": { "tslib": "^2.4.0" } }, "sha512-pBPWdu6MLKROBX05wSNKcNb++m5Er+KQ9QkB+WVM+pW2Kx9hoSrVTnu3BdkI5eBLZoKu/J6mW/B6i6bJB2ytXQ=="],

    "@emnapi/wasi-threads": ["@emnapi/wasi-threads@1.0.2", "", { "dependencies": { "tslib": "^2.4.0" } }, "sha512-5n3nTJblwRi8LlXkJ9eBzu+kZR8Yxcc7ubakyQTFzPMtIhFpUBRbsnc2Dv88IZDIbCDlBiWrknhB4Lsz7mg6BA=="],

    "@hono/node-server": ["@hono/node-server@1.14.3", "", { "peerDependencies": { "hono": "^4" } }, "sha512-KuDMwwghtFYSmIpr4WrKs1VpelTrptvJ+6x6mbUcZnFcc213cumTF5BdqfHyW93B19TNI4Vaev14vOI2a0Ie3w=="],

    "@hono/vite-build": ["@hono/vite-build@1.6.2", "", { "peerDependencies": { "hono": "*" } }, "sha512-wM1KZelUcLiPABYSe/1YtveCkHJxaZ42e68naRznUPKrfVYPAC7wE8Itilmxa81ICZKhb1tBOQ7CHxtGF5dLGw=="],

    "@hono/vite-dev-server": ["@hono/vite-dev-server@0.20.0", "", { "dependencies": { "@hono/node-server": "^1.14.2", "minimatch": "^9.0.3" }, "peerDependencies": { "hono": "*", "miniflare": "*", "wrangler": "*" }, "optionalPeers": ["miniflare", "wrangler"] }, "sha512-Qkp9jh4R0q5VnUTBIoaeyh0M6nZWMWPaj5sHa0JJIS3Wu0UPi+Trc5JQTv0tKfYkrnAwOSQXW17pI1815o/5lQ=="],

    "@napi-rs/wasm-runtime": ["@napi-rs/wasm-runtime@0.2.12", "", { "dependencies": { "@emnapi/core": "^1.4.3", "@emnapi/runtime": "^1.4.3", "@tybys/wasm-util": "^0.10.0" } }, "sha512-ZVWUcfwY4E/yPitQJl481FjFo3K22D6qF0DuFH6Y/nbnE11GY5uguDxZMGXPQ8WQ0128MXQD7TnfHyK4oWoIJQ=="],

    "@oxc-project/runtime": ["@oxc-project/runtime@0.77.0", "", {}, "sha512-cMbHs/DaomWSjxeJ79G10GA5hzJW9A7CZ+/cO+KuPZ7Trf3Rr07qSLauC4Ns8ba4DKVDjd8VSC9nVLpw6jpoGQ=="],

    "@oxc-project/types": ["@oxc-project/types@0.77.0", "", {}, "sha512-iUQj185VvCPnSba+ltUV5tVDrPX6LeZVtQywnnoGbe4oJ1VKvDKisjGkD/AvVtdm98b/BdsVS35IlJV1m2mBBA=="],

    "@rolldown/binding-android-arm64": ["@rolldown/binding-android-arm64@1.0.0-beta.27", "", { "os": "android", "cpu": "arm64" }, "sha512-IJL3efUJmvb5MfTEi7bGK4jq3ZFAzVbSy+vmul0DcdrglUd81Tfyy7Zzq2oM0tUgmACG32d8Jz/ykbpbf+3C5A=="],

    "@rolldown/binding-darwin-arm64": ["@rolldown/binding-darwin-arm64@1.0.0-beta.27", "", { "os": "darwin", "cpu": "arm64" }, "sha512-TXTiuHbtnHfb0c44vNfWfIyEFJ0BFUf63ip9Z4mj8T2zRcZXQYVger4OuAxnwGNGBgDyHo1VaNBG+Vxn2VrpqQ=="],

    "@rolldown/binding-darwin-x64": ["@rolldown/binding-darwin-x64@1.0.0-beta.27", "", { "os": "darwin", "cpu": "x64" }, "sha512-Jpjflgvbolh+fAaaEajPJQCOpZMawYMbNVzuZp3nidX1B7kMAP7NEKp9CWzthoL2Y8RfD7OApN6bx4+vFurTaw=="],

    "@rolldown/binding-freebsd-x64": ["@rolldown/binding-freebsd-x64@1.0.0-beta.27", "", { "os": "freebsd", "cpu": "x64" }, "sha512-07ZNlXIunyS1jCTnene7aokkzCZNBUnmnJWu4Nz5X5XQvVHJNjsDhPFJTlNmneSDzA3vGkRNwdECKXiDTH/CqA=="],

    "@rolldown/binding-linux-arm-gnueabihf": ["@rolldown/binding-linux-arm-gnueabihf@1.0.0-beta.27", "", { "os": "linux", "cpu": "arm" }, "sha512-z74ah00oyKnTUtaIbg34TaIU1PYM8tGE1bK6aUs8OLZ9sWW4g3Xo5A0nit2zyeanmYFvrAUxnt3Bpk+mTZCtlg=="],

    "@rolldown/binding-linux-arm64-gnu": ["@rolldown/binding-linux-arm64-gnu@1.0.0-beta.27", "", { "os": "linux", "cpu": "arm64" }, "sha512-b9oKl/M5OIyAcosS73BmjOZOjvcONV97t2SnKpgwfDX/mjQO3dBgTYyvHMFA6hfhIDW1+2XVQR/k5uzBULFhoA=="],

    "@rolldown/binding-linux-arm64-musl": ["@rolldown/binding-linux-arm64-musl@1.0.0-beta.27", "", { "os": "linux", "cpu": "arm64" }, "sha512-RmaNSkVmAH8u/r5Q+v4O0zL4HY8pLrvlM5wBoBrb/QHDQgksGKBqhecpg1ERER0Q7gMh/GJUz6JiiD55Q+9UOA=="],

    "@rolldown/binding-linux-arm64-ohos": ["@rolldown/binding-linux-arm64-ohos@1.0.0-beta.27", "", { "os": "none", "cpu": "arm64" }, "sha512-gq78fI/g0cp1UKFMk53kP/oZAgYOXbaqdadVMuCJc0CoSkDJcpO2YIasRs/QYlE91QWfcHD5RZl9zbf4ksTS/w=="],

    "@rolldown/binding-linux-x64-gnu": ["@rolldown/binding-linux-x64-gnu@1.0.0-beta.27", "", { "os": "linux", "cpu": "x64" }, "sha512-yS/GreJ6BT44dHu1WLigc50S8jZA+pDzzsf8tqRptUTwi5YW7dX3NqcDlc/lXsZqu57aKynLljgClYAm90LEKw=="],

    "@rolldown/binding-linux-x64-musl": ["@rolldown/binding-linux-x64-musl@1.0.0-beta.27", "", { "os": "linux", "cpu": "x64" }, "sha512-6FV9To1sXewGHY4NaCPeOE5p5o1qfuAjj+m75WVIPw9HEJVsQoC5QiTL5wWVNqSMch4X0eWnQ6WsQolU6sGMIA=="],

    "@rolldown/binding-wasm32-wasi": ["@rolldown/binding-wasm32-wasi@1.0.0-beta.27", "", { "dependencies": { "@napi-rs/wasm-runtime": "^0.2.12" }, "cpu": "none" }, "sha512-VcxdhF0PQda9krFJHw4DqUkdAsHWYs/Uz/Kr/zhU8zMFDzmK6OdUgl9emGj9wTzXAEHYkAMDhk+OJBRJvp424g=="],

    "@rolldown/binding-win32-arm64-msvc": ["@rolldown/binding-win32-arm64-msvc@1.0.0-beta.27", "", { "os": "win32", "cpu": "arm64" }, "sha512-3bXSARqSf8jLHrQ1/tw9pX1GwIR9jA6OEsqTgdC0DdpoZ+34sbJXE9Nse3dQ0foGLKBkh4PqDv/rm2Thu9oVBw=="],

    "@rolldown/binding-win32-ia32-msvc": ["@rolldown/binding-win32-ia32-msvc@1.0.0-beta.27", "", { "os": "win32", "cpu": "ia32" }, "sha512-xPGcKb+W8NIWAf5KApsUIrhiKH5NImTarICge5jQ2m0BBxD31crio4OXy/eYVq5CZkqkqszLQz2fWZcWNmbzlQ=="],

    "@rolldown/binding-win32-x64-msvc": ["@rolldown/binding-win32-x64-msvc@1.0.0-beta.27", "", { "os": "win32", "cpu": "x64" }, "sha512-3y1G8ARpXBAcz4RJM5nzMU6isS/gXZl8SuX8lS2piFOnQMiOp6ajeelnciD+EgG4ej793zvNvr+WZtdnao2yrw=="],

    "@rolldown/pluginutils": ["@rolldown/pluginutils@1.0.0-beta.27", "", {}, "sha512-+d0F4MKMCbeVUJwG96uQ4SgAznZNSq93I3V+9NHA4OpvqG8mRCpGdKmK8l/dl02h2CCDHwW2FqilnTyDcAnqjA=="],

    "@tybys/wasm-util": ["@tybys/wasm-util@0.10.0", "", { "dependencies": { "tslib": "^2.4.0" } }, "sha512-VyyPYFlOMNylG45GoAe0xDoLwWuowvf92F9kySqzYh8vmYm7D2u4iUJKa1tOUpS70Ku13ASrOkS4ScXFsTaCNQ=="],

    "@types/bun": ["@types/bun@1.2.18", "", { "dependencies": { "bun-types": "1.2.18" } }, "sha512-Xf6RaWVheyemaThV0kUfaAUvCNokFr+bH8Jxp+tTZfx7dAPA8z9ePnP9S9+Vspzuxxx9JRAXhnyccRj3GyCMdQ=="],

    "@types/downloadjs": ["@types/downloadjs@1.4.6", "", {}, "sha512-mp3w70vsaiLRT9ix92fmI9Ob2yJAPZm6tShJtofo2uHbN11G2i6a0ApIEjBl/kv3e9V7Pv7jMjk1bUwYWvMHvA=="],

    "@types/node": ["@types/node@22.15.29", "", { "dependencies": { "undici-types": "~6.21.0" } }, "sha512-LNdjOkUDlU1RZb8e1kOIUpN1qQUlzGkEtbVNo53vbrwDg5om6oduhm4SiUaPW5ASTXhAiP0jInWG8Qx9fVlOeQ=="],

    "@types/react": ["@types/react@19.1.8", "", { "dependencies": { "csstype": "^3.0.2" } }, "sha512-AwAfQ2Wa5bCx9WP8nZL2uMZWod7J7/JSplxbTmBQ5ms6QpqNYm672H0Vu9ZVKVngQ+ii4R/byguVEUZQyeg44g=="],

    "@typescript/native-preview": ["@typescript/native-preview@7.0.0-dev.20250719.1", "", { "optionalDependencies": { "@typescript/native-preview-darwin-arm64": "7.0.0-dev.20250719.1", "@typescript/native-preview-darwin-x64": "7.0.0-dev.20250719.1", "@typescript/native-preview-linux-arm": "7.0.0-dev.20250719.1", "@typescript/native-preview-linux-arm64": "7.0.0-dev.20250719.1", "@typescript/native-preview-linux-x64": "7.0.0-dev.20250719.1", "@typescript/native-preview-win32-arm64": "7.0.0-dev.20250719.1", "@typescript/native-preview-win32-x64": "7.0.0-dev.20250719.1" }, "bin": { "tsgo": "bin/tsgo.js" } }, "sha512-23wUnyj+BfVMSty9nsgTcVSlmI1ToS8P8qKS2g7ss0DUrnXN2tiJtbffDpmafMLEKEtfY42mVjmHPrZXHPdaOg=="],

    "@typescript/native-preview-darwin-arm64": ["@typescript/native-preview-darwin-arm64@7.0.0-dev.20250719.1", "", { "os": "darwin", "cpu": "arm64" }, "sha512-8BOaK/9MJx6qN8DSj7ooDQ56j1HTdGCgs5gzT+rOfv1dJZuhy96rFe1DDd3RwX3ufrNpuLE969GM1tmhaHGLag=="],

    "@typescript/native-preview-darwin-x64": ["@typescript/native-preview-darwin-x64@7.0.0-dev.20250719.1", "", { "os": "darwin", "cpu": "x64" }, "sha512-cs+/yOFQlkbT5Z5SY8gr5TOk+mporqYAHgRBMXeWWOOStIA1gH3iLKO3aLw85GclgmFBEoFaOTm61RI/ugwD3w=="],

    "@typescript/native-preview-linux-arm": ["@typescript/native-preview-linux-arm@7.0.0-dev.20250719.1", "", { "os": "linux", "cpu": "arm" }, "sha512-KDRPvXXgks6JLf1zO4KCI4Zw1ZjAS3jM+YxF5EdTnw2v6+Hff+ritUo4FQHbgQOo2OLnmqity3Qsxxb5i4DaRg=="],

    "@typescript/native-preview-linux-arm64": ["@typescript/native-preview-linux-arm64@7.0.0-dev.20250719.1", "", { "os": "linux", "cpu": "arm64" }, "sha512-Yv8xeongAOJRy8UQaPH6TVbje+IXpu24KgIffjNW90ygMAJSrCNZXjnkRSXAelydD8RPCEas4O+qJR0Z2vElUQ=="],

    "@typescript/native-preview-linux-x64": ["@typescript/native-preview-linux-x64@7.0.0-dev.20250719.1", "", { "os": "linux", "cpu": "x64" }, "sha512-GsGCL8KubbCOXfD9CyhHkMgZQVBLVXfeCnRID5UIgessmDBnd3Q158wbKIEZSLHVK2PffP9wKdfWMBGnU1X5BQ=="],

    "@typescript/native-preview-win32-arm64": ["@typescript/native-preview-win32-arm64@7.0.0-dev.20250719.1", "", { "os": "win32", "cpu": "arm64" }, "sha512-TP7ulNmZdAd2jgVLrIsmUoxwvQnpzsdWlRnTr0R6wEj+4Ob4Moyl75/1DrIkXO7yC6zaklhzLqgbHPz+H37ffg=="],

    "@typescript/native-preview-win32-x64": ["@typescript/native-preview-win32-x64@7.0.0-dev.20250719.1", "", { "os": "win32", "cpu": "x64" }, "sha512-QIQAbcojUatTTxPriscWi7PBem5GsSKHS4lc1tosLXeC1o3jYITu0MHjFRtXyyO91I0xhJKE899Oh3Y/lqmn4A=="],

    "@ungap/compression-stream": ["@ungap/compression-stream@github:ungap/compression-stream#a2c32fb", {}, "ungap-compression-stream-a2c32fb"],

    "ansis": ["ansis@4.1.0", "", {}, "sha512-BGcItUBWSMRgOCe+SVZJ+S7yTRG0eGt9cXAHev72yuGcY23hnLA7Bky5L/xLyPINoSN95geovfBkqoTlNZYa7w=="],

    "balanced-match": ["balanced-match@1.0.2", "", {}, "sha512-3oSeUO0TMV67hN1AmbXsK4yaqU7tjiHlbxRDZOpH0KW9+CeX4bRAaX0Anxt0tx2MrpRpWwQaPwIlISEJhYU5Pw=="],

    "brace-expansion": ["brace-expansion@2.0.1", "", { "dependencies": { "balanced-match": "^1.0.0" } }, "sha512-XnAIvQ8eM+kC6aULx6wuQiwVsnzsi9d3WxzV3FpWTGA19F621kwdbsAcFKXgKUHZWsy+mY6iL1sHTxWEFCytDA=="],

    "bun-types": ["bun-types@1.2.18", "", { "dependencies": { "@types/node": "*" }, "peerDependencies": { "@types/react": "^19" } }, "sha512-04+Eha5NP7Z0A9YgDAzMk5PHR16ZuLVa83b26kH5+cp1qZW4F6FmAURngE7INf4tKOvCE69vYvDEwoNl1tGiWw=="],

    "csstype": ["csstype@3.1.3", "", {}, "sha512-M1uQkMl8rQK/szD0LNhtqxIPLpimGm8sOBwU7lLnCpSbTyY3yeU1Vc7l4KT5zT4s/yOxHH5O7tIuuLOCnLADRw=="],

    "detect-libc": ["detect-libc@2.0.4", "", {}, "sha512-3UDv+G9CsCKO1WKMGw9fwq/SWJYbI0c5Y7LU1AXYoDdbhE2AHQ6N6Nb34sG8Fj7T5APy8qXDCKuuIHd1BR0tVA=="],

    "dexie": ["dexie@4.0.11", "", {}, "sha512-SOKO002EqlvBYYKQSew3iymBoN2EQ4BDw/3yprjh7kAfFzjBYkaMNa/pZvcA7HSWlcKSQb9XhPe3wKyQ0x4A8A=="],

    "dexie-export-import": ["dexie-export-import@4.1.4", "", { "peerDependencies": { "dexie": "^2.0.4 || ^3.0.0 || ^4.0.1" } }, "sha512-3bw171qUuOTWSYLXI7C/0M6p1X65Rho3tu1IvD9By8jn0+3t3dLSkDlZ1BC6MbABl3kRlhtGigzC+SF+qcS5Og=="],

    "fdir": ["fdir@6.4.6", "", { "peerDependencies": { "picomatch": "^3 || ^4" }, "optionalPeers": ["picomatch"] }, "sha512-hiFoqpyZcfNm1yc4u8oWCf9A2c4D3QjCrks3zmoVKVxpQRzmPNar1hUJcBG2RQHvEVGDN+Jm81ZheVLAQMK6+w=="],

    "fsevents": ["fsevents@2.3.3", "", { "os": "darwin" }, "sha512-5xoDfX+fL7faATnagmWPpbFtwh/R77WmMMqqHGS65C3vvB0YHrgF+B1YmZ3441tMj5n63k0212XNoJwzlhffQw=="],

    "hono": ["hono@4.8.5", "", {}, "sha512-Up2cQbtNz1s111qpnnECdTGqSIUIhZJMLikdKkshebQSEBcoUKq6XJayLGqSZWidiH0zfHRCJqFu062Mz5UuRA=="],

    "lightningcss": ["lightningcss@1.30.1", "", { "dependencies": { "detect-libc": "^2.0.3" }, "optionalDependencies": { "lightningcss-darwin-arm64": "1.30.1", "lightningcss-darwin-x64": "1.30.1", "lightningcss-freebsd-x64": "1.30.1", "lightningcss-linux-arm-gnueabihf": "1.30.1", "lightningcss-linux-arm64-gnu": "1.30.1", "lightningcss-linux-arm64-musl": "1.30.1", "lightningcss-linux-x64-gnu": "1.30.1", "lightningcss-linux-x64-musl": "1.30.1", "lightningcss-win32-arm64-msvc": "1.30.1", "lightningcss-win32-x64-msvc": "1.30.1" } }, "sha512-xi6IyHML+c9+Q3W0S4fCQJOym42pyurFiJUHEcEyHS0CeKzia4yZDEsLlqOFykxOdHpNy0NmvVO31vcSqAxJCg=="],

    "lightningcss-darwin-arm64": ["lightningcss-darwin-arm64@1.30.1", "", { "os": "darwin", "cpu": "arm64" }, "sha512-c8JK7hyE65X1MHMN+Viq9n11RRC7hgin3HhYKhrMyaXflk5GVplZ60IxyoVtzILeKr+xAJwg6zK6sjTBJ0FKYQ=="],

    "lightningcss-darwin-x64": ["lightningcss-darwin-x64@1.30.1", "", { "os": "darwin", "cpu": "x64" }, "sha512-k1EvjakfumAQoTfcXUcHQZhSpLlkAuEkdMBsI/ivWw9hL+7FtilQc0Cy3hrx0AAQrVtQAbMI7YjCgYgvn37PzA=="],

    "lightningcss-freebsd-x64": ["lightningcss-freebsd-x64@1.30.1", "", { "os": "freebsd", "cpu": "x64" }, "sha512-kmW6UGCGg2PcyUE59K5r0kWfKPAVy4SltVeut+umLCFoJ53RdCUWxcRDzO1eTaxf/7Q2H7LTquFHPL5R+Gjyig=="],

    "lightningcss-linux-arm-gnueabihf": ["lightningcss-linux-arm-gnueabihf@1.30.1", "", { "os": "linux", "cpu": "arm" }, "sha512-MjxUShl1v8pit+6D/zSPq9S9dQ2NPFSQwGvxBCYaBYLPlCWuPh9/t1MRS8iUaR8i+a6w7aps+B4N0S1TYP/R+Q=="],

    "lightningcss-linux-arm64-gnu": ["lightningcss-linux-arm64-gnu@1.30.1", "", { "os": "linux", "cpu": "arm64" }, "sha512-gB72maP8rmrKsnKYy8XUuXi/4OctJiuQjcuqWNlJQ6jZiWqtPvqFziskH3hnajfvKB27ynbVCucKSm2rkQp4Bw=="],

    "lightningcss-linux-arm64-musl": ["lightningcss-linux-arm64-musl@1.30.1", "", { "os": "linux", "cpu": "arm64" }, "sha512-jmUQVx4331m6LIX+0wUhBbmMX7TCfjF5FoOH6SD1CttzuYlGNVpA7QnrmLxrsub43ClTINfGSYyHe2HWeLl5CQ=="],

    "lightningcss-linux-x64-gnu": ["lightningcss-linux-x64-gnu@1.30.1", "", { "os": "linux", "cpu": "x64" }, "sha512-piWx3z4wN8J8z3+O5kO74+yr6ze/dKmPnI7vLqfSqI8bccaTGY5xiSGVIJBDd5K5BHlvVLpUB3S2YCfelyJ1bw=="],

    "lightningcss-linux-x64-musl": ["lightningcss-linux-x64-musl@1.30.1", "", { "os": "linux", "cpu": "x64" }, "sha512-rRomAK7eIkL+tHY0YPxbc5Dra2gXlI63HL+v1Pdi1a3sC+tJTcFrHX+E86sulgAXeI7rSzDYhPSeHHjqFhqfeQ=="],

    "lightningcss-win32-arm64-msvc": ["lightningcss-win32-arm64-msvc@1.30.1", "", { "os": "win32", "cpu": "arm64" }, "sha512-mSL4rqPi4iXq5YVqzSsJgMVFENoa4nGTT/GjO2c0Yl9OuQfPsIfncvLrEW6RbbB24WtZ3xP/2CCmI3tNkNV4oA=="],

    "lightningcss-win32-x64-msvc": ["lightningcss-win32-x64-msvc@1.30.1", "", { "os": "win32", "cpu": "x64" }, "sha512-PVqXh48wh4T53F/1CCu8PIPCxLzWyCnn/9T5W1Jpmdy5h9Cwd+0YQS6/LwhHXSafuc61/xg9Lv5OrCby6a++jg=="],

    "minimatch": ["minimatch@9.0.5", "", { "dependencies": { "brace-expansion": "^2.0.1" } }, "sha512-G6T0ZX48xgozx7587koeX9Ys2NYy6Gmv//P89sEte9V9whIapMNF4idKxnW2QtCcLiTWlb/wfCabAtAFWhhBow=="],

    "nanoid": ["nanoid@3.3.11", "", { "bin": { "nanoid": "bin/nanoid.cjs" } }, "sha512-N8SpfPUnUp1bK+PMYW8qSWdl9U+wwNWI4QKxOYDy9JAro3WMX7p2OeVRF9v+347pnakNevPmiHhNmZ2HbFA76w=="],

    "picocolors": ["picocolors@1.1.1", "", {}, "sha512-xceH2snhtb5M9liqDsmEw56le376mTZkEX/jEb/RxNFyegNul7eNslCXP9FDj/Lcu0X8KEyMceP2ntpaHrDEVA=="],

    "picomatch": ["picomatch@4.0.2", "", {}, "sha512-M7BAV6Rlcy5u+m6oPhAPFgJTzAioX/6B0DxyvDlo9l8+T3nLKbrczg2WLUyzd45L8RqfUMyGPzekbMvX2Ldkwg=="],

    "postcss": ["postcss@8.5.6", "", { "dependencies": { "nanoid": "^3.3.11", "picocolors": "^1.1.1", "source-map-js": "^1.2.1" } }, "sha512-3Ybi1tAuwAP9s0r1UQ2J4n5Y0G05bJkpUIO0/bI9MhwmD70S5aTWbXGBwxHrelT+XM1k6dM0pk+SwNkpTRN7Pg=="],

    "rolldown": ["rolldown@1.0.0-beta.27", "", { "dependencies": { "@oxc-project/runtime": "=0.77.0", "@oxc-project/types": "=0.77.0", "@rolldown/pluginutils": "1.0.0-beta.27", "ansis": "^4.0.0" }, "optionalDependencies": { "@rolldown/binding-android-arm64": "1.0.0-beta.27", "@rolldown/binding-darwin-arm64": "1.0.0-beta.27", "@rolldown/binding-darwin-x64": "1.0.0-beta.27", "@rolldown/binding-freebsd-x64": "1.0.0-beta.27", "@rolldown/binding-linux-arm-gnueabihf": "1.0.0-beta.27", "@rolldown/binding-linux-arm64-gnu": "1.0.0-beta.27", "@rolldown/binding-linux-arm64-musl": "1.0.0-beta.27", "@rolldown/binding-linux-arm64-ohos": "1.0.0-beta.27", "@rolldown/binding-linux-x64-gnu": "1.0.0-beta.27", "@rolldown/binding-linux-x64-musl": "1.0.0-beta.27", "@rolldown/binding-wasm32-wasi": "1.0.0-beta.27", "@rolldown/binding-win32-arm64-msvc": "1.0.0-beta.27", "@rolldown/binding-win32-ia32-msvc": "1.0.0-beta.27", "@rolldown/binding-win32-x64-msvc": "1.0.0-beta.27" }, "bin": { "rolldown": "bin/cli.mjs" } }, "sha512-aYiJmzKoUHoaaEZLRegYVfZkXW7gzdgSbq+u5cXQ6iXc/y8tnQ3zGffQo44Pr1lTKeLluw3bDIDUCx/NAzqKeA=="],

    "source-map-js": ["source-map-js@1.2.1", "", {}, "sha512-UXWMKhLOwVKb728IUtQPXxfYU+usdybtUrK/8uGE8CQMvrhOpwvzDBwj0QhSL7MQc7vIsISBG8VQ8+IDQxpfQA=="],

    "tinyglobby": ["tinyglobby@0.2.14", "", { "dependencies": { "fdir": "^6.4.4", "picomatch": "^4.0.2" } }, "sha512-tX5e7OM1HnYr2+a2C/4V0htOcSQcoSTH9KgJnVvNm5zm/cyEWKJ7j7YutsH9CxMdtOkkLFy2AHrMci9IM8IPZQ=="],

    "tslib": ["tslib@2.8.1", "", {}, "sha512-oJFu94HQb+KVduSUQL7wnpmqnfmLsOA/nAh6b6EH0wCEoK0/mPeXU6c3wKDV83MkOuHPRHtSXKKU99IBazS/2w=="],

    "typescript": ["typescript@5.8.3", "", { "bin": { "tsc": "bin/tsc", "tsserver": "bin/tsserver" } }, "sha512-p1diW6TqL9L07nNxvRMM7hMMw4c5XOo/1ibL4aAIGmSAt9slTE1Xgw5KWuof2uTOvCg9BY7ZRi+GaF+7sfgPeQ=="],

    "undici-types": ["undici-types@6.21.0", "", {}, "sha512-iwDZqg0QAGrg9Rav5H4n0M64c3mkR59cJ6wQp+7C4nI0gsmExaedaYLNO44eT4AtBBwjbTiGPMlt2Md0T9H9JQ=="],

    "vite": ["rolldown-vite@7.0.9", "", { "dependencies": { "fdir": "^6.4.6", "lightningcss": "^1.30.1", "picomatch": "^4.0.2", "postcss": "^8.5.6", "rolldown": "1.0.0-beta.27", "tinyglobby": "^0.2.14" }, "optionalDependencies": { "fsevents": "~2.3.3" }, "peerDependencies": { "@types/node": "^20.19.0 || >=22.12.0", "esbuild": "^0.25.0", "jiti": ">=1.21.0", "less": "^4.0.0", "sass": "^1.70.0", "sass-embedded": "^1.70.0", "stylus": ">=0.54.8", "sugarss": "^5.0.0", "terser": "^5.16.0", "tsx": "^4.8.1", "yaml": "^2.4.2" }, "optionalPeers": ["@types/node", "esbuild", "jiti", "less", "sass", "sass-embedded", "stylus", "sugarss", "terser", "tsx", "yaml"], "bin": { "vite": "bin/vite.js" } }, "sha512-RxVP6CY9CNCEM9UecdytqeADxOGSjgkfSE/eI986sM7I3/F09lQ9UfQo3y6W10ICBppKsEHe71NbCX/tirYDFg=="],

    "tinyglobby/fdir": ["fdir@6.4.5", "", { "peerDependencies": { "picomatch": "^3 || ^4" }, "optionalPeers": ["picomatch"] }, "sha512-4BG7puHpVsIYxZUbiUE3RqGloLaSSwzYie5jvasC4LWuBWzZawynvYouhjbQKw2JuIGYdm0DzIxl8iVidKlUEw=="],
  }
}
